
Microsoft Visual Studio Solution File, Format Version 11.00
# Visual Studio 2010
Project("{F2A71F9B-5D33-465A-A702-920D77279786}") = "HappyNumbersInFSharp", "HappyNumbersInFSharp.fsproj", "{AC1C0D35-6454-42DE-BC31-7BCF75E4AD9A}"
EndProject
Project("{F2A71F9B-5D33-465A-A702-920D77279786}") = "Tutorial1", "..\Tutorial1\Tutorial1.fsproj", "{5CB59323-7F54-4F0B-8D67-EFF159CC40AE}"
EndProject
Global
	GlobalSection(SolutionConfigurationPlatforms) = preSolution
		Debug|Any CPU = Debug|Any CPU
		Debug|Mixed Platforms = Debug|Mixed Platforms
		Debug|x86 = Debug|x86
		Release|Any CPU = Release|Any CPU
		Release|Mixed Platforms = Release|Mixed Platforms
		Release|x86 = Release|x86
	EndGlobalSection
	GlobalSection(ProjectConfigurationPlatforms) = postSolution
		{AC1C0D35-6454-42DE-BC31-7BCF75E4AD9A}.Debug|Any CPU.ActiveCfg = Debug|Any CPU
		{AC1C0D35-6454-42DE-BC31-7BCF75E4AD9A}.Debug|Any CPU.Build.0 = Debug|Any CPU
		{AC1C0D35-6454-42DE-BC31-7BCF75E4AD9A}.Debug|Mixed Platforms.ActiveCfg = Debug|Any CPU
		{AC1C0D35-6454-42DE-BC31-7BCF75E4AD9A}.Debug|Mixed Platforms.Build.0 = Debug|Any CPU
		{AC1C0D35-6454-42DE-BC31-7BCF75E4AD9A}.Debug|x86.ActiveCfg = Debug|Any CPU
		{AC1C0D35-6454-42DE-BC31-7BCF75E4AD9A}.Release|Any CPU.ActiveCfg = Release|Any CPU
		{AC1C0D35-6454-42DE-BC31-7BCF75E4AD9A}.Release|Any CPU.Build.0 = Release|Any CPU
		{AC1C0D35-6454-42DE-BC31-7BCF75E4AD9A}.Release|Mixed Platforms.ActiveCfg = Release|Any CPU
		{AC1C0D35-6454-42DE-BC31-7BCF75E4AD9A}.Release|Mixed Platforms.Build.0 = Release|Any CPU
		{AC1C0D35-6454-42DE-BC31-7BCF75E4AD9A}.Release|x86.ActiveCfg = Release|Any CPU
		{5CB59323-7F54-4F0B-8D67-EFF159CC40AE}.Debug|Any CPU.ActiveCfg = Debug|x86
		{5CB59323-7F54-4F0B-8D67-EFF159CC40AE}.Debug|Mixed Platforms.ActiveCfg = Debug|x86
		{5CB59323-7F54-4F0B-8D67-EFF159CC40AE}.Debug|Mixed Platforms.Build.0 = Debug|x86
		{5CB59323-7F54-4F0B-8D67-EFF159CC40AE}.Debug|x86.ActiveCfg = Debug|x86
		{5CB59323-7F54-4F0B-8D67-EFF159CC40AE}.Debug|x86.Build.0 = Debug|x86
		{5CB59323-7F54-4F0B-8D67-EFF159CC40AE}.Release|Any CPU.ActiveCfg = Release|x86
		{5CB59323-7F54-4F0B-8D67-EFF159CC40AE}.Release|Mixed Platforms.ActiveCfg = Release|x86
		{5CB59323-7F54-4F0B-8D67-EFF159CC40AE}.Release|Mixed Platforms.Build.0 = Release|x86
		{5CB59323-7F54-4F0B-8D67-EFF159CC40AE}.Release|x86.ActiveCfg = Release|x86
		{5CB59323-7F54-4F0B-8D67-EFF159CC40AE}.Release|x86.Build.0 = Release|x86
	EndGlobalSection
	GlobalSection(SolutionProperties) = preSolution
		HideSolutionNode = FALSE
	EndGlobalSection
EndGlobal
